
Microsoft Visual Studio Solution File, Format Version 12.00
# Visual Studio Version 17
VisualStudioVersion = 17.5.33530.505
MinimumVisualStudioVersion = 10.0.40219.1
Project("{9A19103F-16F7-4668-BE54-9A1E7A4F7556}") = "AutoBlockList.Web", "AutoBlockList.Web\AutoBlockList.Web.csproj", "{17950E8A-6D7D-4CCE-A1FA-4F5975127072}"
EndProject
Project("{9A19103F-16F7-4668-BE54-9A1E7A4F7556}") = "AutoBlockList", "AutoBlockList\AutoBlockList.csproj", "{D1AD61EC-3966-4764-B2A2-8408E36F45D2}"
EndProject
Global
	GlobalSection(SolutionConfigurationPlatforms) = preSolution
		Debug|Any CPU = Debug|Any CPU
		Release|Any CPU = Release|Any CPU
	EndGlobalSection
	GlobalSection(ProjectConfigurationPlatforms) = postSolution
		{17950E8A-6D7D-4CCE-A1FA-4F5975127072}.Debug|Any CPU.ActiveCfg = Debug|Any CPU
		{17950E8A-6D7D-4CCE-A1FA-4F5975127072}.Debug|Any CPU.Build.0 = Debug|Any CPU
		{17950E8A-6D7D-4CCE-A1FA-4F5975127072}.Release|Any CPU.ActiveCfg = Release|Any CPU
		{17950E8A-6D7D-4CCE-A1FA-4F5975127072}.Release|Any CPU.Build.0 = Release|Any CPU
		{D1AD61EC-3966-4764-B2A2-8408E36F45D2}.Debug|Any CPU.ActiveCfg = Debug|Any CPU
		{D1AD61EC-3966-4764-B2A2-8408E36F45D2}.Debug|Any CPU.Build.0 = Debug|Any CPU
		{D1AD61EC-3966-4764-B2A2-8408E36F45D2}.Release|Any CPU.ActiveCfg = Release|Any CPU
		{D1AD61EC-3966-4764-B2A2-8408E36F45D2}.Release|Any CPU.Build.0 = Release|Any CPU
	EndGlobalSection
	GlobalSection(SolutionProperties) = preSolution
		HideSolutionNode = FALSE
	EndGlobalSection
	GlobalSection(ExtensibilityGlobals) = postSolution
		SolutionGuid = {655633B9-D62B-4A1B-8107-14736B99B31C}
	EndGlobalSection
EndGlobal
